<?xml version="1.0" encoding="utf-8"?>
<Project ToolsVersion="17.0" xmlns="http://schemas.microsoft.com/developer/msbuild/2003">
  <ItemGroup>
    <ClCompile Include="C:\Users\Мария.MARY\Desktop\gjck\4.4.2\4.4.2.cpp">
      <Filter>Source Files</Filter>
    </ClCompile>
    <ClCompile Include="C:\Users\Мария.MARY\Desktop\gjck\4.4.2\List.cpp">
      <Filter>Source Files</Filter>
    </ClCompile>
    <ClCompile Include="C:\Users\Мария.MARY\Desktop\gjck\4.4.2\ListNode.cpp">
      <Filter>Source Files</Filter>
    </ClCompile>
  </ItemGroup>
  <ItemGroup>
    <ClInclude Include="C:\Users\Мария.MARY\Desktop\gjck\4.4.2\List.h">
      <Filter>Header Files</Filter>
    </ClInclude>
    <ClInclude Include="C:\Users\Мария.MARY\Desktop\gjck\4.4.2\ListNode.h">
      <Filter>Header Files</Filter>
    </ClInclude>
  </ItemGroup>
  <ItemGroup>
    <CustomBuild Include="C:\Users\Мария.MARY\Desktop\gjck\4.4.2\CMakeLists.txt" />
  </ItemGroup>
  <ItemGroup>
    <Filter Include="Header Files">
      <UniqueIdentifier>{8DC193E8-5030-326E-9863-62C8A3A4A203}</UniqueIdentifier>
    </Filter>
    <Filter Include="Source Files">
      <UniqueIdentifier>{96790F57-2D68-37E4-A551-3E945F7FF270}</UniqueIdentifier>
    </Filter>
  </ItemGroup>
</Project>
